// !$*UTF8*$!
{
	archiveVersion = 1;
	classes = {
	};
	objectVersion = 50;
	objects = {

/* Begin PBXBuildFile section */
		4D647CC721A653AE008131DB /* AppDelegate.swift in Sources */ = {isa = PBXBuildFile; fileRef = 4D647CC621A653AE008131DB /* AppDelegate.swift */; };
		4D647CC921A653AE008131DB /* ViewController.swift in Sources */ = {isa = PBXBuildFile; fileRef = 4D647CC821A653AE008131DB /* ViewController.swift */; };
		4D647CCC21A653AE008131DB /* Main.storyboard in Resources */ = {isa = PBXBuildFile; fileRef = 4D647CCA21A653AE008131DB /* Main.storyboard */; };
		4D647CCE21A653AF008131DB /* Assets.xcassets in Resources */ = {isa = PBXBuildFile; fileRef = 4D647CCD21A653AF008131DB /* Assets.xcassets */; };
		4D647CD121A653AF008131DB /* LaunchScreen.storyboard in Resources */ = {isa = PBXBuildFile; fileRef = 4D647CCF21A653AF008131DB /* LaunchScreen.storyboard */; };
		4D647CDF21A68295008131DB /* AppDelegate.swift in Sources */ = {isa = PBXBuildFile; fileRef = 4D647CDE21A68295008131DB /* AppDelegate.swift */; };
		4D647CE121A68295008131DB /* ViewController.swift in Sources */ = {isa = PBXBuildFile; fileRef = 4D647CE021A68295008131DB /* ViewController.swift */; };
		4D647CE421A68295008131DB /* Main.storyboard in Resources */ = {isa = PBXBuildFile; fileRef = 4D647CE221A68295008131DB /* Main.storyboard */; };
		4D647CE621A68297008131DB /* Assets.xcassets in Resources */ = {isa = PBXBuildFile; fileRef = 4D647CE521A68297008131DB /* Assets.xcassets */; };
		4D647CE921A68297008131DB /* LaunchScreen.storyboard in Resources */ = {isa = PBXBuildFile; fileRef = 4D647CE721A68297008131DB /* LaunchScreen.storyboard */; };
		4D647CF521A68FB4008131DB /* AppDelegate.swift in Sources */ = {isa = PBXBuildFile; fileRef = 4D647CF421A68FB4008131DB /* AppDelegate.swift */; };
		4D647CF721A68FB4008131DB /* ViewController.swift in Sources */ = {isa = PBXBuildFile; fileRef = 4D647CF621A68FB4008131DB /* ViewController.swift */; };
		4D647CFA21A68FB4008131DB /* Main.storyboard in Resources */ = {isa = PBXBuildFile; fileRef = 4D647CF821A68FB4008131DB /* Main.storyboard */; };
		4D647CFC21A68FB5008131DB /* Assets.xcassets in Resources */ = {isa = PBXBuildFile; fileRef = 4D647CFB21A68FB5008131DB /* Assets.xcassets */; };
		4D647CFF21A68FB5008131DB /* LaunchScreen.storyboard in Resources */ = {isa = PBXBuildFile; fileRef = 4D647CFD21A68FB5008131DB /* LaunchScreen.storyboard */; };
		4D647D7921A79F8A008131DB /* DetailTableViewController.swift in Sources */ = {isa = PBXBuildFile; fileRef = 4D647D7821A79F8A008131DB /* DetailTableViewController.swift */; };
		4D647D7B21A7A13A008131DB /* MyTableViewCell.swift in Sources */ = {isa = PBXBuildFile; fileRef = 4D647D7A21A7A13A008131DB /* MyTableViewCell.swift */; };
		4D647D7D21A7B2FB008131DB /* RouteViewController.swift in Sources */ = {isa = PBXBuildFile; fileRef = 4D647D7C21A7B2FB008131DB /* RouteViewController.swift */; };
/* End PBXBuildFile section */

/* Begin PBXFileReference section */
		4D647CC321A653AE008131DB /* Map.app */ = {isa = PBXFileReference; explicitFileType = wrapper.application; includeInIndex = 0; path = Map.app; sourceTree = BUILT_PRODUCTS_DIR; };
		4D647CC621A653AE008131DB /* AppDelegate.swift */ = {isa = PBXFileReference; lastKnownFileType = sourcecode.swift; path = AppDelegate.swift; sourceTree = "<group>"; };
		4D647CC821A653AE008131DB /* ViewController.swift */ = {isa = PBXFileReference; lastKnownFileType = sourcecode.swift; path = ViewController.swift; sourceTree = "<group>"; };
		4D647CCB21A653AE008131DB /* Base */ = {isa = PBXFileReference; lastKnownFileType = file.storyboard; name = Base; path = Base.lproj/Main.storyboard; sourceTree = "<group>"; };
		4D647CCD21A653AF008131DB /* Assets.xcassets */ = {isa = PBXFileReference; lastKnownFileType = folder.assetcatalog; path = Assets.xcassets; sourceTree = "<group>"; };
		4D647CD021A653AF008131DB /* Base */ = {isa = PBXFileReference; lastKnownFileType = file.storyboard; name = Base; path = Base.lproj/LaunchScreen.storyboard; sourceTree = "<group>"; };
		4D647CD221A653AF008131DB /* Info.plist */ = {isa = PBXFileReference; lastKnownFileType = text.plist.xml; path = Info.plist; sourceTree = "<group>"; };
		4D647CDC21A68295008131DB /* Location.app */ = {isa = PBXFileReference; explicitFileType = wrapper.application; includeInIndex = 0; path = Location.app; sourceTree = BUILT_PRODUCTS_DIR; };
		4D647CDE21A68295008131DB /* AppDelegate.swift */ = {isa = PBXFileReference; lastKnownFileType = sourcecode.swift; path = AppDelegate.swift; sourceTree = "<group>"; };
		4D647CE021A68295008131DB /* ViewController.swift */ = {isa = PBXFileReference; lastKnownFileType = sourcecode.swift; path = ViewController.swift; sourceTree = "<group>"; };
		4D647CE321A68295008131DB /* Base */ = {isa = PBXFileReference; lastKnownFileType = file.storyboard; name = Base; path = Base.lproj/Main.storyboard; sourceTree = "<group>"; };
		4D647CE521A68297008131DB /* Assets.xcassets */ = {isa = PBXFileReference; lastKnownFileType = folder.assetcatalog; path = Assets.xcassets; sourceTree = "<group>"; };
		4D647CE821A68297008131DB /* Base */ = {isa = PBXFileReference; lastKnownFileType = file.storyboard; name = Base; path = Base.lproj/LaunchScreen.storyboard; sourceTree = "<group>"; };
		4D647CEA21A68297008131DB /* Info.plist */ = {isa = PBXFileReference; lastKnownFileType = text.plist.xml; path = Info.plist; sourceTree = "<group>"; };
		4D647CF221A68FB4008131DB /* MapView.app */ = {isa = PBXFileReference; explicitFileType = wrapper.application; includeInIndex = 0; path = MapView.app; sourceTree = BUILT_PRODUCTS_DIR; };
		4D647CF421A68FB4008131DB /* AppDelegate.swift */ = {isa = PBXFileReference; lastKnownFileType = sourcecode.swift; path = AppDelegate.swift; sourceTree = "<group>"; };
		4D647CF621A68FB4008131DB /* ViewController.swift */ = {isa = PBXFileReference; lastKnownFileType = sourcecode.swift; path = ViewController.swift; sourceTree = "<group>"; };
		4D647CF921A68FB4008131DB /* Base */ = {isa = PBXFileReference; lastKnownFileType = file.storyboard; name = Base; path = Base.lproj/Main.storyboard; sourceTree = "<group>"; };
		4D647CFB21A68FB5008131DB /* Assets.xcassets */ = {isa = PBXFileReference; lastKnownFileType = folder.assetcatalog; path = Assets.xcassets; sourceTree = "<group>"; };
		4D647CFE21A68FB5008131DB /* Base */ = {isa = PBXFileReference; lastKnownFileType = file.storyboard; name = Base; path = Base.lproj/LaunchScreen.storyboard; sourceTree = "<group>"; };
		4D647D0021A68FB5008131DB /* Info.plist */ = {isa = PBXFileReference; lastKnownFileType = text.plist.xml; path = Info.plist; sourceTree = "<group>"; };
		4D647D7821A79F8A008131DB /* DetailTableViewController.swift */ = {isa = PBXFileReference; lastKnownFileType = sourcecode.swift; path = DetailTableViewController.swift; sourceTree = "<group>"; };
		4D647D7A21A7A13A008131DB /* MyTableViewCell.swift */ = {isa = PBXFileReference; lastKnownFileType = sourcecode.swift; path = MyTableViewCell.swift; sourceTree = "<group>"; };
		4D647D7C21A7B2FB008131DB /* RouteViewController.swift */ = {isa = PBXFileReference; lastKnownFileType = sourcecode.swift; path = RouteViewController.swift; sourceTree = "<group>"; };
/* End PBXFileReference section */

/* Begin PBXFrameworksBuildPhase section */
		4D647CC021A653AE008131DB /* Frameworks */ = {
			isa = PBXFrameworksBuildPhase;
			buildActionMask = 2147483647;
			files = (
			);
			runOnlyForDeploymentPostprocessing = 0;
		};
		4D647CD921A68295008131DB /* Frameworks */ = {
			isa = PBXFrameworksBuildPhase;
			buildActionMask = 2147483647;
			files = (
			);
			runOnlyForDeploymentPostprocessing = 0;
		};
		4D647CEF21A68FB4008131DB /* Frameworks */ = {
			isa = PBXFrameworksBuildPhase;
			buildActionMask = 2147483647;
			files = (
			);
			runOnlyForDeploymentPostprocessing = 0;
		};
/* End PBXFrameworksBuildPhase section */

/* Begin PBXGroup section */
		4D647CBA21A653AE008131DB = {
			isa = PBXGroup;
			children = (
				4D647CC521A653AE008131DB /* Map */,
				4D647CDD21A68295008131DB /* Location */,
				4D647CF321A68FB4008131DB /* MapView */,
				4D647CC421A653AE008131DB /* Products */,
			);
			sourceTree = "<group>";
		};
		4D647CC421A653AE008131DB /* Products */ = {
			isa = PBXGroup;
			children = (
				4D647CC321A653AE008131DB /* Map.app */,
				4D647CDC21A68295008131DB /* Location.app */,
				4D647CF221A68FB4008131DB /* MapView.app */,
			);
			name = Products;
			sourceTree = "<group>";
		};
		4D647CC521A653AE008131DB /* Map */ = {
			isa = PBXGroup;
			children = (
				4D647CC621A653AE008131DB /* AppDelegate.swift */,
				4D647CC821A653AE008131DB /* ViewController.swift */,
				4D647CCA21A653AE008131DB /* Main.storyboard */,
				4D647CCD21A653AF008131DB /* Assets.xcassets */,
				4D647CCF21A653AF008131DB /* LaunchScreen.storyboard */,
				4D647CD221A653AF008131DB /* Info.plist */,
			);
			path = Map;
			sourceTree = "<group>";
		};
		4D647CDD21A68295008131DB /* Location */ = {
			isa = PBXGroup;
			children = (
				4D647CDE21A68295008131DB /* AppDelegate.swift */,
				4D647CE021A68295008131DB /* ViewController.swift */,
				4D647CE221A68295008131DB /* Main.storyboard */,
				4D647CE521A68297008131DB /* Assets.xcassets */,
				4D647CE721A68297008131DB /* LaunchScreen.storyboard */,
				4D647CEA21A68297008131DB /* Info.plist */,
			);
			path = Location;
			sourceTree = "<group>";
		};
		4D647CF321A68FB4008131DB /* MapView */ = {
			isa = PBXGroup;
			children = (
				4D647CF421A68FB4008131DB /* AppDelegate.swift */,
				4D647CF621A68FB4008131DB /* ViewController.swift */,
				4D647CF821A68FB4008131DB /* Main.storyboard */,
				4D647CFB21A68FB5008131DB /* Assets.xcassets */,
				4D647CFD21A68FB5008131DB /* LaunchScreen.storyboard */,
				4D647D0021A68FB5008131DB /* Info.plist */,
				4D647D7821A79F8A008131DB /* DetailTableViewController.swift */,
				4D647D7A21A7A13A008131DB /* MyTableViewCell.swift */,
				4D647D7C21A7B2FB008131DB /* RouteViewController.swift */,
			);
			path = MapView;
			sourceTree = "<group>";
		};
/* End PBXGroup section */

/* Begin PBXNativeTarget section */
		4D647CC221A653AE008131DB /* Map */ = {
			isa = PBXNativeTarget;
			buildConfigurationList = 4D647CD521A653AF008131DB /* Build configuration list for PBXNativeTarget "Map" */;
			buildPhases = (
				4D647CBF21A653AE008131DB /* Sources */,
				4D647CC021A653AE008131DB /* Frameworks */,
				4D647CC121A653AE008131DB /* Resources */,
			);
			buildRules = (
			);
			dependencies = (
			);
			name = Map;
			productName = Map;
			productReference = 4D647CC321A653AE008131DB /* Map.app */;
			productType = "com.apple.product-type.application";
		};
		4D647CDB21A68295008131DB /* Location */ = {
			isa = PBXNativeTarget;
			buildConfigurationList = 4D647CEB21A68297008131DB /* Build configuration list for PBXNativeTarget "Location" */;
			buildPhases = (
				4D647CD821A68295008131DB /* Sources */,
				4D647CD921A68295008131DB /* Frameworks */,
				4D647CDA21A68295008131DB /* Resources */,
			);
			buildRules = (
			);
			dependencies = (
			);
			name = Location;
			productName = Location;
			productReference = 4D647CDC21A68295008131DB /* Location.app */;
			productType = "com.apple.product-type.application";
		};
		4D647CF121A68FB4008131DB /* MapView */ = {
			isa = PBXNativeTarget;
			buildConfigurationList = 4D647D0321A68FB5008131DB /* Build configuration list for PBXNativeTarget "MapView" */;
			buildPhases = (
				4D647CEE21A68FB4008131DB /* Sources */,
				4D647CEF21A68FB4008131DB /* Frameworks */,
				4D647CF021A68FB4008131DB /* Resources */,
			);
			buildRules = (
			);
			dependencies = (
			);
			name = MapView;
			productName = MapView;
			productReference = 4D647CF221A68FB4008131DB /* MapView.app */;
			productType = "com.apple.product-type.application";
		};
/* End PBXNativeTarget section */

/* Begin PBXProject section */
		4D647CBB21A653AE008131DB /* Project object */ = {
			isa = PBXProject;
			attributes = {
				LastSwiftUpdateCheck = 1010;
				LastUpgradeCheck = 1010;
				ORGANIZATIONNAME = Joal;
				TargetAttributes = {
					4D647CC221A653AE008131DB = {
						CreatedOnToolsVersion = 10.1;
					};
					4D647CDB21A68295008131DB = {
						CreatedOnToolsVersion = 10.1;
					};
					4D647CF121A68FB4008131DB = {
						CreatedOnToolsVersion = 10.1;
					};
				};
			};
			buildConfigurationList = 4D647CBE21A653AE008131DB /* Build configuration list for PBXProject "Map" */;
			compatibilityVersion = "Xcode 9.3";
			developmentRegion = en;
			hasScannedForEncodings = 0;
			knownRegions = (
				en,
				Base,
			);
			mainGroup = 4D647CBA21A653AE008131DB;
			productRefGroup = 4D647CC421A653AE008131DB /* Products */;
			projectDirPath = "";
			projectRoot = "";
			targets = (
				4D647CC221A653AE008131DB /* Map */,
				4D647CDB21A68295008131DB /* Location */,
				4D647CF121A68FB4008131DB /* MapView */,
			);
		};
/* End PBXProject section */

/* Begin PBXResourcesBuildPhase section */
		4D647CC121A653AE008131DB /* Resources */ = {
			isa = PBXResourcesBuildPhase;
			buildActionMask = 2147483647;
			files = (
				4D647CD121A653AF008131DB /* LaunchScreen.storyboard in Resources */,
				4D647CCE21A653AF008131DB /* Assets.xcassets in Resources */,
				4D647CCC21A653AE008131DB /* Main.storyboard in Resources */,
			);
			runOnlyForDeploymentPostprocessing = 0;
		};
		4D647CDA21A68295008131DB /* Resources */ = {
			isa = PBXResourcesBuildPhase;
			buildActionMask = 2147483647;
			files = (
				4D647CE921A68297008131DB /* LaunchScreen.storyboard in Resources */,
				4D647CE621A68297008131DB /* Assets.xcassets in Resources */,
				4D647CE421A68295008131DB /* Main.storyboard in Resources */,
			);
			runOnlyForDeploymentPostprocessing = 0;
		};
		4D647CF021A68FB4008131DB /* Resources */ = {
			isa = PBXResourcesBuildPhase;
			buildActionMask = 2147483647;
			files = (
				4D647CFF21A68FB5008131DB /* LaunchScreen.storyboard in Resources */,
				4D647CFC21A68FB5008131DB /* Assets.xcassets in Resources */,
				4D647CFA21A68FB4008131DB /* Main.storyboard in Resources */,
			);
			runOnlyForDeploymentPostprocessing = 0;
		};
/* End PBXResourcesBuildPhase section */

/* Begin PBXSourcesBuildPhase section */
		4D647CBF21A653AE008131DB /* Sources */ = {
			isa = PBXSourcesBuildPhase;
			buildActionMask = 2147483647;
			files = (
				4D647CC921A653AE008131DB /* ViewController.swift in Sources */,
				4D647CC721A653AE008131DB /* AppDelegate.swift in Sources */,
			);
			runOnlyForDeploymentPostprocessing = 0;
		};
		4D647CD821A68295008131DB /* Sources */ = {
			isa = PBXSourcesBuildPhase;
			buildActionMask = 2147483647;
			files = (
				4D647CE121A68295008131DB /* ViewController.swift in Sources */,
				4D647CDF21A68295008131DB /* AppDelegate.swift in Sources */,
			);
			runOnlyForDeploymentPostprocessing = 0;
		};
		4D647CEE21A68FB4008131DB /* Sources */ = {
			isa = PBXSourcesBuildPhase;
			buildActionMask = 2147483647;
			files = (
				4D647D7921A79F8A008131DB /* DetailTableViewController.swift in Sources */,
				4D647D7B21A7A13A008131DB /* MyTableViewCell.swift in Sources */,
				4D647CF721A68FB4008131DB /* ViewController.swift in Sources */,
				4D647D7D21A7B2FB008131DB /* RouteViewController.swift in Sources */,
				4D647CF521A68FB4008131DB /* AppDelegate.swift in Sources */,
			);
			runOnlyForDeploymentPostprocessing = 0;
		};
/* End PBXSourcesBuildPhase section */

/* Begin PBXVariantGroup section */
		4D647CCA21A653AE008131DB /* Main.storyboard */ = {
			isa = PBXVariantGroup;
			children = (
				4D647CCB21A653AE008131DB /* Base */,
			);
			name = Main.storyboard;
			sourceTree = "<group>";
		};
		4D647CCF21A653AF008131DB /* LaunchScreen.storyboard */ = {
			isa = PBXVariantGroup;
			children = (
				4D647CD021A653AF008131DB /* Base */,
			);
			name = LaunchScreen.storyboard;
			sourceTree = "<group>";
		};
		4D647CE221A68295008131DB /* Main.storyboard */ = {
			isa = PBXVariantGroup;
			children = (
				4D647CE321A68295008131DB /* Base */,
			);
			name = Main.storyboard;
			sourceTree = "<group>";
		};
		4D647CE721A68297008131DB /* LaunchScreen.storyboard */ = {
			isa = PBXVariantGroup;
			children = (
				4D647CE821A68297008131DB /* Base */,
			);
			name = LaunchScreen.storyboard;
			sourceTree = "<group>";
		};
		4D647CF821A68FB4008131DB /* Main.storyboard */ = {
			isa = PBXVariantGroup;
			children = (
				4D647CF921A68FB4008131DB /* Base */,
			);
			name = Main.storyboard;
			sourceTree = "<group>";
		};
		4D647CFD21A68FB5008131DB /* LaunchScreen.storyboard */ = {
			isa = PBXVariantGroup;
			children = (
				4D647CFE21A68FB5008131DB /* Base */,
			);
			name = LaunchScreen.storyboard;
			sourceTree = "<group>";
		};
/* End PBXVariantGroup section */

/* Begin XCBuildConfiguration section */
		4D647CD321A653AF008131DB /* Debug */ = {
			isa = XCBuildConfiguration;
			buildSettings = {
				ALWAYS_SEARCH_USER_PATHS = NO;
				CLANG_ANALYZER_NONNULL = YES;
				CLANG_ANALYZER_NUMBER_OBJECT_CONVERSION = YES_AGGRESSIVE;
				CLANG_CXX_LANGUAGE_STANDARD = "gnu++14";
				CLANG_CXX_LIBRARY = "libc++";
				CLANG_ENABLE_MODULES = YES;
				CLANG_ENABLE_OBJC_ARC = YES;
				CLANG_ENABLE_OBJC_WEAK = YES;
				CLANG_WARN_BLOCK_CAPTURE_AUTORELEASING = YES;
				CLANG_WARN_BOOL_CONVERSION = YES;
				CLANG_WARN_COMMA = YES;
				CLANG_WARN_CONSTANT_CONVERSION = YES;
				CLANG_WARN_DEPRECATED_OBJC_IMPLEMENTATIONS = YES;
				CLANG_WARN_DIRECT_OBJC_ISA_USAGE = YES_ERROR;
				CLANG_WARN_DOCUMENTATION_COMMENTS = YES;
				CLANG_WARN_EMPTY_BODY = YES;
				CLANG_WARN_ENUM_CONVERSION = YES;
				CLANG_WARN_INFINITE_RECURSION = YES;
				CLANG_WARN_INT_CONVERSION = YES;
				CLANG_WARN_NON_LITERAL_NULL_CONVERSION = YES;
				CLANG_WARN_OBJC_IMPLICIT_RETAIN_SELF = YES;
				CLANG_WARN_OBJC_LITERAL_CONVERSION = YES;
				CLANG_WARN_OBJC_ROOT_CLASS = YES_ERROR;
				CLANG_WARN_RANGE_LOOP_ANALYSIS = YES;
				CLANG_WARN_STRICT_PROTOTYPES = YES;
				CLANG_WARN_SUSPICIOUS_MOVE = YES;
				CLANG_WARN_UNGUARDED_AVAILABILITY = YES_AGGRESSIVE;
				CLANG_WARN_UNREACHABLE_CODE = YES;
				CLANG_WARN__DUPLICATE_METHOD_MATCH = YES;
				CODE_SIGN_IDENTITY = "iPhone Developer";
				COPY_PHASE_STRIP = NO;
				DEBUG_INFORMATION_FORMAT = dwarf;
				ENABLE_STRICT_OBJC_MSGSEND = YES;
				ENABLE_TESTABILITY = YES;
				GCC_C_LANGUAGE_STANDARD = gnu11;
				GCC_DYNAMIC_NO_PIC = NO;
				GCC_NO_COMMON_BLOCKS = YES;
				GCC_OPTIMIZATION_LEVEL = 0;
				GCC_PREPROCESSOR_DEFINITIONS = (
					"DEBUG=1",
					"$(inherited)",
				);
				GCC_WARN_64_TO_32_BIT_CONVERSION = YES;
				GCC_WARN_ABOUT_RETURN_TYPE = YES_ERROR;
				GCC_WARN_UNDECLARED_SELECTOR = YES;
				GCC_WARN_UNINITIALIZED_AUTOS = YES_AGGRESSIVE;
				GCC_WARN_UNUSED_FUNCTION = YES;
				GCC_WARN_UNUSED_VARIABLE = YES;
				IPHONEOS_DEPLOYMENT_TARGET = 12.1;
				MTL_ENABLE_DEBUG_INFO = INCLUDE_SOURCE;
				MTL_FAST_MATH = YES;
				ONLY_ACTIVE_ARCH = YES;
				SDKROOT = iphoneos;
				SWIFT_ACTIVE_COMPILATION_CONDITIONS = DEBUG;
				SWIFT_OPTIMIZATION_LEVEL = "-Onone";
			};
			name = Debug;
		};
		4D647CD421A653AF008131DB /* Release */ = {
			isa = XCBuildConfiguration;
			buildSettings = {
				ALWAYS_SEARCH_USER_PATHS = NO;
				CLANG_ANALYZER_NONNULL = YES;
				CLANG_ANALYZER_NUMBER_OBJECT_CONVERSION = YES_AGGRESSIVE;
				CLANG_CXX_LANGUAGE_STANDARD = "gnu++14";
				CLANG_CXX_LIBRARY = "libc++";
				CLANG_ENABLE_MODULES = YES;
				CLANG_ENABLE_OBJC_ARC = YES;
				CLANG_ENABLE_OBJC_WEAK = YES;
				CLANG_WARN_BLOCK_CAPTURE_AUTORELEASING = YES;
				CLANG_WARN_BOOL_CONVERSION = YES;
				CLANG_WARN_COMMA = YES;
				CLANG_WARN_CONSTANT_CONVERSION = YES;
				CLANG_WARN_DEPRECATED_OBJC_IMPLEMENTATIONS = YES;
				CLANG_WARN_DIRECT_OBJC_ISA_USAGE = YES_ERROR;
				CLANG_WARN_DOCUMENTATION_COMMENTS = YES;
				CLANG_WARN_EMPTY_BODY = YES;
				CLANG_WARN_ENUM_CONVERSION = YES;
				CLANG_WARN_INFINITE_RECURSION = YES;
				CLANG_WARN_INT_CONVERSION = YES;
				CLANG_WARN_NON_LITERAL_NULL_CONVERSION = YES;
				CLANG_WARN_OBJC_IMPLICIT_RETAIN_SELF = YES;
				CLANG_WARN_OBJC_LITERAL_CONVERSION = YES;
				CLANG_WARN_OBJC_ROOT_CLASS = YES_ERROR;
				CLANG_WARN_RANGE_LOOP_ANALYSIS = YES;
				CLANG_WARN_STRICT_PROTOTYPES = YES;
				CLANG_WARN_SUSPICIOUS_MOVE = YES;
				CLANG_WARN_UNGUARDED_AVAILABILITY = YES_AGGRESSIVE;
				CLANG_WARN_UNREACHABLE_CODE = YES;
				CLANG_WARN__DUPLICATE_METHOD_MATCH = YES;
				CODE_SIGN_IDENTITY = "iPhone Developer";
				COPY_PHASE_STRIP = NO;
				DEBUG_INFORMATION_FORMAT = "dwarf-with-dsym";
				ENABLE_NS_ASSERTIONS = NO;
				ENABLE_STRICT_OBJC_MSGSEND = YES;
				GCC_C_LANGUAGE_STANDARD = gnu11;
				GCC_NO_COMMON_BLOCKS = YES;
				GCC_WARN_64_TO_32_BIT_CONVERSION = YES;
				GCC_WARN_ABOUT_RETURN_TYPE = YES_ERROR;
				GCC_WARN_UNDECLARED_SELECTOR = YES;
				GCC_WARN_UNINITIALIZED_AUTOS = YES_AGGRESSIVE;
				GCC_WARN_UNUSED_FUNCTION = YES;
				GCC_WARN_UNUSED_VARIABLE = YES;
				IPHONEOS_DEPLOYMENT_TARGET = 12.1;
				MTL_ENABLE_DEBUG_INFO = NO;
				MTL_FAST_MATH = YES;
				SDKROOT = iphoneos;
				SWIFT_COMPILATION_MODE = wholemodule;
				SWIFT_OPTIMIZATION_LEVEL = "-O";
				VALIDATE_PRODUCT = YES;
			};
			name = Release;
		};
		4D647CD621A653AF008131DB /* Debug */ = {
			isa = XCBuildConfiguration;
			buildSettings = {
				ASSETCATALOG_COMPILER_APPICON_NAME = AppIcon;
				CODE_SIGN_STYLE = Automatic;
				INFOPLIST_FILE = Map/Info.plist;
				LD_RUNPATH_SEARCH_PATHS = (
					"$(inherited)",
					"@executable_path/Frameworks",
				);
				PRODUCT_BUNDLE_IDENTIFIER = gmail.jjoal1867.Map;
				PRODUCT_NAME = "$(TARGET_NAME)";
				SWIFT_VERSION = 4.2;
				TARGETED_DEVICE_FAMILY = "1,2";
			};
			name = Debug;
		};
		4D647CD721A653AF008131DB /* Release */ = {
			isa = XCBuildConfiguration;
			buildSettings = {
				ASSETCATALOG_COMPILER_APPICON_NAME = AppIcon;
				CODE_SIGN_STYLE = Automatic;
				INFOPLIST_FILE = Map/Info.plist;
				LD_RUNPATH_SEARCH_PATHS = (
					"$(inherited)",
					"@executable_path/Frameworks",
				);
				PRODUCT_BUNDLE_IDENTIFIER = gmail.jjoal1867.Map;
				PRODUCT_NAME = "$(TARGET_NAME)";
				SWIFT_VERSION = 4.2;
				TARGETED_DEVICE_FAMILY = "1,2";
			};
			name = Release;
		};
		4D647CEC21A68297008131DB /* Debug */ = {
			isa = XCBuildConfiguration;
			buildSettings = {
				ASSETCATALOG_COMPILER_APPICON_NAME = AppIcon;
				CODE_SIGN_STYLE = Automatic;
				INFOPLIST_FILE = Location/Info.plist;
				LD_RUNPATH_SEARCH_PATHS = (
					"$(inherited)",
					"@executable_path/Frameworks",
				);
				PRODUCT_BUNDLE_IDENTIFIER = gmail.jjoal1867.Location;
				PRODUCT_NAME = "$(TARGET_NAME)";
				SWIFT_VERSION = 4.2;
				TARGETED_DEVICE_FAMILY = "1,2";
			};
			name = Debug;
		};
		4D647CED21A68297008131DB /* Release */ = {
			isa = XCBuildConfiguration;
			buildSettings = {
				ASSETCATALOG_COMPILER_APPICON_NAME = AppIcon;
				CODE_SIGN_STYLE = Automatic;
				INFOPLIST_FILE = Location/Info.plist;
				LD_RUNPATH_SEARCH_PATHS = (
					"$(inherited)",
					"@executable_path/Frameworks",
				);
				PRODUCT_BUNDLE_IDENTIFIER = gmail.jjoal1867.Location;
				PRODUCT_NAME = "$(TARGET_NAME)";
				SWIFT_VERSION = 4.2;
				TARGETED_DEVICE_FAMILY = "1,2";
			};
			name = Release;
		};
		4D647D0121A68FB5008131DB /* Debug */ = {
			isa = XCBuildConfiguration;
			buildSettings = {
				ASSETCATALOG_COMPILER_APPICON_NAME = AppIcon;
				CODE_SIGN_STYLE = Automatic;
				INFOPLIST_FILE = MapView/Info.plist;
				LD_RUNPATH_SEARCH_PATHS = (
					"$(inherited)",
					"@executable_path/Frameworks",
				);
				PRODUCT_BUNDLE_IDENTIFIER = gmail.jjoal1867.MapView;
				PRODUCT_NAME = "$(TARGET_NAME)";
				SWIFT_VERSION = 4.2;
				TARGETED_DEVICE_FAMILY = "1,2";
			};
			name = Debug;
		};
		4D647D0221A68FB5008131DB /* Release */ = {
			isa = XCBuildConfiguration;
			buildSettings = {
				ASSETCATALOG_COMPILER_APPICON_NAME = AppIcon;
				CODE_SIGN_STYLE = Automatic;
				INFOPLIST_FILE = MapView/Info.plist;
				LD_RUNPATH_SEARCH_PATHS = (
					"$(inherited)",
					"@executable_path/Frameworks",
				);
				PRODUCT_BUNDLE_IDENTIFIER = gmail.jjoal1867.MapView;
				PRODUCT_NAME = "$(TARGET_NAME)";
				SWIFT_VERSION = 4.2;
				TARGETED_DEVICE_FAMILY = "1,2";
			};
			name = Release;
		};
/* End XCBuildConfiguration section */

/* Begin XCConfigurationList section */
		4D647CBE21A653AE008131DB /* Build configuration list for PBXProject "Map" */ = {
			isa = XCConfigurationList;
			buildConfigurations = (
				4D647CD321A653AF008131DB /* Debug */,
				4D647CD421A653AF008131DB /* Release */,
			);
			defaultConfigurationIsVisible = 0;
			defaultConfigurationName = Release;
		};
		4D647CD521A653AF008131DB /* Build configuration list for PBXNativeTarget "Map" */ = {
			isa = XCConfigurationList;
			buildConfigurations = (
				4D647CD621A653AF008131DB /* Debug */,
				4D647CD721A653AF008131DB /* Release */,
			);
			defaultConfigurationIsVisible = 0;
			defaultConfigurationName = Release;
		};
		4D647CEB21A68297008131DB /* Build configuration list for PBXNativeTarget "Location" */ = {
			isa = XCConfigurationList;
			buildConfigurations = (
				4D647CEC21A68297008131DB /* Debug */,
				4D647CED21A68297008131DB /* Release */,
			);
			defaultConfigurationIsVisible = 0;
			defaultConfigurationName = Release;
		};
		4D647D0321A68FB5008131DB /* Build configuration list for PBXNativeTarget "MapView" */ = {
			isa = XCConfigurationList;
			buildConfigurations = (
				4D647D0121A68FB5008131DB /* Debug */,
				4D647D0221A68FB5008131DB /* Release */,
			);
			defaultConfigurationIsVisible = 0;
			defaultConfigurationName = Release;
		};
/* End XCConfigurationList section */
	};
	rootObject = 4D647CBB21A653AE008131DB /* Project object */;
}
